
Microsoft Visual Studio Solution File, Format Version 12.00
# Visual Studio Version 17
VisualStudioVersion = 17.4.33205.214
MinimumVisualStudioVersion = 10.0.40219.1
Project("{FAE04EC0-301F-11D3-BF4B-00C04F79EFBC}") = "SpecFlowProject_Basic", "SpecFlowProject_Basic\SpecFlowProject_Basic.csproj", "{23188B12-16F5-4350-92A2-43B5FCD9748A}"
EndProject
Global
	GlobalSection(SolutionConfigurationPlatforms) = preSolution
		Debug|Any CPU = Debug|Any CPU
		Release|Any CPU = Release|Any CPU
	EndGlobalSection
	GlobalSection(ProjectConfigurationPlatforms) = postSolution
		{23188B12-16F5-4350-92A2-43B5FCD9748A}.Debug|Any CPU.ActiveCfg = Debug|Any CPU
		{23188B12-16F5-4350-92A2-43B5FCD9748A}.Debug|Any CPU.Build.0 = Debug|Any CPU
		{23188B12-16F5-4350-92A2-43B5FCD9748A}.Release|Any CPU.ActiveCfg = Release|Any CPU
		{23188B12-16F5-4350-92A2-43B5FCD9748A}.Release|Any CPU.Build.0 = Release|Any CPU
	EndGlobalSection
	GlobalSection(SolutionProperties) = preSolution
		HideSolutionNode = FALSE
	EndGlobalSection
	GlobalSection(ExtensibilityGlobals) = postSolution
		SolutionGuid = {093D36AD-2C98-40FB-8D88-B16D9C697973}
	EndGlobalSection
EndGlobal
